<Solution>
  <Folder Name="/src/">
    <Project Path="src/ExpenseTracker.Core/ExpenseTracker.Core.csproj" />
    <Project Path="src/ExpenseTracker.ConsoleApp/ExpenseTracker.ConsoleApp.csproj" />
  </Folder>
  <Folder Name="/tests/">
    <Project Path="tests/ExpenseTracker.Tests/ExpenseTracker.Tests.csproj" />
  </Folder>
</Solution>
